# This file is automatically @generated by Poetry 1.8.3 and should not be changed by hand.

[[package]]
name = "asgiref"
version = "3.8.1"
description = "ASGI specs, helper code, and adapters"
optional = false
python-versions = ">=3.8"
files = [
    {file = "asgiref-3.8.1-py3-none-any.whl", hash = "sha256:3e1e3ecc849832fe52ccf2cb6686b7a55f82bb1d6aee72a58826471390335e47"},
    {file = "asgiref-3.8.1.tar.gz", hash = "sha256:c343bd80a0bec947a9860adb4c432ffa7db769836c64238fc34bdc3fec84d590"},
]

[package.extras]
tests = ["mypy (>=0.800)", "pytest", "pytest-asyncio"]

[[package]]
name = "astroid"
version = "3.3.4"
description = "An abstract syntax tree for Python with inference support."
optional = false
python-versions = ">=3.9.0"
files = [
    {file = "astroid-3.3.4-py3-none-any.whl", hash = "sha256:5eba185467253501b62a9f113c263524b4f5d55e1b30456370eed4cdbd6438fd"},
    {file = "astroid-3.3.4.tar.gz", hash = "sha256:e73d0b62dd680a7c07cb2cd0ce3c22570b044dd01bd994bc3a2dd16c6cbba162"},
]

[[package]]
name = "asttokens"
version = "2.4.1"
description = "Annotate AST trees with source code positions"
optional = false
python-versions = "*"
files = [
    {file = "asttokens-2.4.1-py2.py3-none-any.whl", hash = "sha256:051ed49c3dcae8913ea7cd08e46a606dba30b79993209636c4875bc1d637bc24"},
    {file = "asttokens-2.4.1.tar.gz", hash = "sha256:b03869718ba9a6eb027e134bfdf69f38a236d681c83c160d510768af11254ba0"},
]

[package.dependencies]
six = ">=1.12.0"

[package.extras]
astroid = ["astroid (>=1,<2)", "astroid (>=2,<4)"]
test = ["astroid (>=1,<2)", "astroid (>=2,<4)", "pytest"]

[[package]]
name = "colorama"
version = "0.4.6"
description = "Cross-platform colored terminal text."
optional = false
python-versions = "!=3.0.*,!=3.1.*,!=3.2.*,!=3.3.*,!=3.4.*,!=3.5.*,!=3.6.*,>=2.7"
files = [
    {file = "colorama-0.4.6-py2.py3-none-any.whl", hash = "sha256:4f1d9991f5acc0ca119f9d443620b77f9d6b33703e51011c16baf57afb285fc6"},
    {file = "colorama-0.4.6.tar.gz", hash = "sha256:08695f5cb7ed6e0531a20572697297273c47b8cae5a63ffc6d6ed5c201be6e44"},
]

[[package]]
name = "colorlog"
version = "6.8.2"
description = "Add colours to the output of Python's logging module."
optional = false
python-versions = ">=3.6"
files = [
    {file = "colorlog-6.8.2-py3-none-any.whl", hash = "sha256:4dcbb62368e2800cb3c5abd348da7e53f6c362dda502ec27c560b2e58a66bd33"},
    {file = "colorlog-6.8.2.tar.gz", hash = "sha256:3e3e079a41feb5a1b64f978b5ea4f46040a94f11f0e8bbb8261e3dbbeca64d44"},
]

[package.dependencies]
colorama = {version = "*", markers = "sys_platform == \"win32\""}

[package.extras]
development = ["black", "flake8", "mypy", "pytest", "types-colorama"]

[[package]]
name = "decorator"
version = "5.1.1"
description = "Decorators for Humans"
optional = false
python-versions = ">=3.5"
files = [
    {file = "decorator-5.1.1-py3-none-any.whl", hash = "sha256:b8c3f85900b9dc423225913c5aace94729fe1fa9763b38939a95226f02d37186"},
    {file = "decorator-5.1.1.tar.gz", hash = "sha256:637996211036b6385ef91435e4fae22989472f9d571faba8927ba8253acbc330"},
]

[[package]]
name = "dill"
version = "0.3.9"
description = "serialize all of Python"
optional = false
python-versions = ">=3.8"
files = [
    {file = "dill-0.3.9-py3-none-any.whl", hash = "sha256:468dff3b89520b474c0397703366b7b95eebe6303f108adf9b19da1f702be87a"},
    {file = "dill-0.3.9.tar.gz", hash = "sha256:81aa267dddf68cbfe8029c42ca9ec6a4ab3b22371d1c450abc54422577b4512c"},
]

[package.extras]
graph = ["objgraph (>=1.7.2)"]
profile = ["gprof2dot (>=2022.7.29)"]

[[package]]
name = "dj-config-url"
version = "0.1.1"
description = "Use configuration URLs in your Django Application."
optional = false
python-versions = "*"
files = [
    {file = "dj-config-url-0.1.1.tar.gz", hash = "sha256:32b87c85f6359a6a772bd8d5e131640529c4addfc2069918f4eaa8de8ecbb548"},
    {file = "dj_config_url-0.1.1-py2.py3-none-any.whl", hash = "sha256:8c411dca3ead2b64786c9ae735ef3085518ff92a79e98e441953b26c47063e3f"},
]

[[package]]
name = "django"
version = "5.1.1"
description = "A high-level Python web framework that encourages rapid development and clean, pragmatic design."
optional = false
python-versions = ">=3.10"
files = [
    {file = "Django-5.1.1-py3-none-any.whl", hash = "sha256:71603f27dac22a6533fb38d83072eea9ddb4017fead6f67f2562a40402d61c3f"},
    {file = "Django-5.1.1.tar.gz", hash = "sha256:021ffb7fdab3d2d388bc8c7c2434eb9c1f6f4d09e6119010bbb1694dda286bc2"},
]

[package.dependencies]
asgiref = ">=3.8.1,<4"
sqlparse = ">=0.3.1"
tzdata = {version = "*", markers = "sys_platform == \"win32\""}

[package.extras]
argon2 = ["argon2-cffi (>=19.1.0)"]
bcrypt = ["bcrypt"]

[[package]]
name = "executing"
version = "2.1.0"
description = "Get the currently executing AST node of a frame, and other information"
optional = false
python-versions = ">=3.8"
files = [
    {file = "executing-2.1.0-py2.py3-none-any.whl", hash = "sha256:8d63781349375b5ebccc3142f4b30350c0cd9c79f921cde38be2be4637e98eaf"},
    {file = "executing-2.1.0.tar.gz", hash = "sha256:8ea27ddd260da8150fa5a708269c4a10e76161e2496ec3e587da9e3c0fe4b9ab"},
]

[package.extras]
tests = ["asttokens (>=2.1.0)", "coverage", "coverage-enable-subprocess", "ipython", "littleutils", "pytest", "rich"]

[[package]]
name = "factory-boy"
version = "3.3.1"
description = "A versatile test fixtures replacement based on thoughtbot's factory_bot for Ruby."
optional = false
python-versions = ">=3.8"
files = [
    {file = "factory_boy-3.3.1-py2.py3-none-any.whl", hash = "sha256:7b1113c49736e1e9995bc2a18f4dbf2c52cf0f841103517010b1d825712ce3ca"},
    {file = "factory_boy-3.3.1.tar.gz", hash = "sha256:8317aa5289cdfc45f9cae570feb07a6177316c82e34d14df3c2e1f22f26abef0"},
]

[package.dependencies]
Faker = ">=0.7.0"

[package.extras]
dev = ["Django", "Pillow", "SQLAlchemy", "coverage", "flake8", "isort", "mongoengine", "mongomock", "mypy", "tox", "wheel (>=0.32.0)", "zest.releaser[recommended]"]
doc = ["Sphinx", "sphinx-rtd-theme", "sphinxcontrib-spelling"]

[[package]]
name = "faker"
version = "30.1.0"
description = "Faker is a Python package that generates fake data for you."
optional = false
python-versions = ">=3.8"
files = [
    {file = "Faker-30.1.0-py3-none-any.whl", hash = "sha256:dbf81295c948270a9e96cd48a9a3ebec73acac9a153d0c854fbbd0294557609f"},
    {file = "faker-30.1.0.tar.gz", hash = "sha256:e0593931bd7be9a9ea984b5d8c302ef1cec19392585d1e90d444199271d0a94d"},
]

[package.dependencies]
python-dateutil = ">=2.4"
typing-extensions = "*"

[[package]]
name = "gunicorn"
version = "23.0.0"
description = "WSGI HTTP Server for UNIX"
optional = false
python-versions = ">=3.7"
files = [
    {file = "gunicorn-23.0.0-py3-none-any.whl", hash = "sha256:ec400d38950de4dfd418cff8328b2c8faed0edb0d517d3394e457c317908ca4d"},
    {file = "gunicorn-23.0.0.tar.gz", hash = "sha256:f014447a0101dc57e294f6c18ca6b40227a4c90e9bdb586042628030cba004ec"},
]

[package.dependencies]
packaging = "*"

[package.extras]
eventlet = ["eventlet (>=0.24.1,!=0.36.0)"]
gevent = ["gevent (>=1.4.0)"]
setproctitle = ["setproctitle"]
testing = ["coverage", "eventlet", "gevent", "pytest", "pytest-cov"]
tornado = ["tornado (>=0.2)"]

[[package]]
name = "ipdb"
version = "0.13.13"
description = "IPython-enabled pdb"
optional = false
python-versions = ">=2.7, !=3.0.*, !=3.1.*, !=3.2.*, !=3.3.*"
files = [
    {file = "ipdb-0.13.13-py3-none-any.whl", hash = "sha256:45529994741c4ab6d2388bfa5d7b725c2cf7fe9deffabdb8a6113aa5ed449ed4"},
    {file = "ipdb-0.13.13.tar.gz", hash = "sha256:e3ac6018ef05126d442af680aad863006ec19d02290561ac88b8b1c0b0cfc726"},
]

[package.dependencies]
decorator = {version = "*", markers = "python_version >= \"3.11\""}
ipython = {version = ">=7.31.1", markers = "python_version >= \"3.11\""}

[[package]]
name = "ipython"
version = "8.27.0"
description = "IPython: Productive Interactive Computing"
optional = false
python-versions = ">=3.10"
files = [
    {file = "ipython-8.27.0-py3-none-any.whl", hash = "sha256:f68b3cb8bde357a5d7adc9598d57e22a45dfbea19eb6b98286fa3b288c9cd55c"},
    {file = "ipython-8.27.0.tar.gz", hash = "sha256:0b99a2dc9f15fd68692e898e5568725c6d49c527d36a9fb5960ffbdeaa82ff7e"},
]

[package.dependencies]
colorama = {version = "*", markers = "sys_platform == \"win32\""}
decorator = "*"
jedi = ">=0.16"
matplotlib-inline = "*"
pexpect = {version = ">4.3", markers = "sys_platform != \"win32\" and sys_platform != \"emscripten\""}
prompt-toolkit = ">=3.0.41,<3.1.0"
pygments = ">=2.4.0"
stack-data = "*"
traitlets = ">=5.13.0"
typing-extensions = {version = ">=4.6", markers = "python_version < \"3.12\""}

[package.extras]
all = ["ipython[black,doc,kernel,matplotlib,nbconvert,nbformat,notebook,parallel,qtconsole]", "ipython[test,test-extra]"]
black = ["black"]
doc = ["docrepr", "exceptiongroup", "intersphinx-registry", "ipykernel", "ipython[test]", "matplotlib", "setuptools (>=18.5)", "sphinx (>=1.3)", "sphinx-rtd-theme", "sphinxcontrib-jquery", "tomli", "typing-extensions"]
kernel = ["ipykernel"]
matplotlib = ["matplotlib"]
nbconvert = ["nbconvert"]
nbformat = ["nbformat"]
notebook = ["ipywidgets", "notebook"]
parallel = ["ipyparallel"]
qtconsole = ["qtconsole"]
test = ["packaging", "pickleshare", "pytest", "pytest-asyncio (<0.22)", "testpath"]
test-extra = ["curio", "ipython[test]", "matplotlib (!=3.2.0)", "nbformat", "numpy (>=1.23)", "pandas", "trio"]

[[package]]
name = "isort"
version = "5.13.2"
description = "A Python utility / library to sort Python imports."
optional = false
python-versions = ">=3.8.0"
files = [
    {file = "isort-5.13.2-py3-none-any.whl", hash = "sha256:8ca5e72a8d85860d5a3fa69b8745237f2939afe12dbf656afbcb47fe72d947a6"},
    {file = "isort-5.13.2.tar.gz", hash = "sha256:48fdfcb9face5d58a4f6dde2e72a1fb8dcaf8ab26f95ab49fab84c2ddefb0109"},
]

[package.extras]
colors = ["colorama (>=0.4.6)"]

[[package]]
name = "jedi"
version = "0.19.1"
description = "An autocompletion tool for Python that can be used for text editors."
optional = false
python-versions = ">=3.6"
files = [
    {file = "jedi-0.19.1-py2.py3-none-any.whl", hash = "sha256:e983c654fe5c02867aef4cdfce5a2fbb4a50adc0af145f70504238f18ef5e7e0"},
    {file = "jedi-0.19.1.tar.gz", hash = "sha256:cf0496f3651bc65d7174ac1b7d043eff454892c708a87d1b683e57b569927ffd"},
]

[package.dependencies]
parso = ">=0.8.3,<0.9.0"

[package.extras]
docs = ["Jinja2 (==2.11.3)", "MarkupSafe (==1.1.1)", "Pygments (==2.8.1)", "alabaster (==0.7.12)", "babel (==2.9.1)", "chardet (==4.0.0)", "commonmark (==0.8.1)", "docutils (==0.17.1)", "future (==0.18.2)", "idna (==2.10)", "imagesize (==1.2.0)", "mock (==1.0.1)", "packaging (==20.9)", "pyparsing (==2.4.7)", "pytz (==2021.1)", "readthedocs-sphinx-ext (==2.1.4)", "recommonmark (==0.5.0)", "requests (==2.25.1)", "six (==1.15.0)", "snowballstemmer (==2.1.0)", "sphinx (==1.8.5)", "sphinx-rtd-theme (==0.4.3)", "sphinxcontrib-serializinghtml (==1.1.4)", "sphinxcontrib-websupport (==1.2.4)", "urllib3 (==1.26.4)"]
qa = ["flake8 (==5.0.4)", "mypy (==0.971)", "types-setuptools (==67.2.0.1)"]
testing = ["Django", "attrs", "colorama", "docopt", "pytest (<7.0.0)"]

[[package]]
name = "matplotlib-inline"
version = "0.1.7"
description = "Inline Matplotlib backend for Jupyter"
optional = false
python-versions = ">=3.8"
files = [
    {file = "matplotlib_inline-0.1.7-py3-none-any.whl", hash = "sha256:df192d39a4ff8f21b1895d72e6a13f5fcc5099f00fa84384e0ea28c2cc0653ca"},
    {file = "matplotlib_inline-0.1.7.tar.gz", hash = "sha256:8423b23ec666be3d16e16b60bdd8ac4e86e840ebd1dd11a30b9f117f2fa0ab90"},
]

[package.dependencies]
traitlets = "*"

[[package]]
name = "mccabe"
version = "0.7.0"
description = "McCabe checker, plugin for flake8"
optional = false
python-versions = ">=3.6"
files = [
    {file = "mccabe-0.7.0-py2.py3-none-any.whl", hash = "sha256:6c2d30ab6be0e4a46919781807b4f0d834ebdd6c6e3dca0bda5a15f863427b6e"},
    {file = "mccabe-0.7.0.tar.gz", hash = "sha256:348e0240c33b60bbdf4e523192ef919f28cb2c3d7d5c7794f74009290f236325"},
]

[[package]]
name = "packaging"
version = "24.1"
description = "Core utilities for Python packages"
optional = false
python-versions = ">=3.8"
files = [
    {file = "packaging-24.1-py3-none-any.whl", hash = "sha256:5b8f2217dbdbd2f7f384c41c628544e6d52f2d0f53c6d0c3ea61aa5d1d7ff124"},
    {file = "packaging-24.1.tar.gz", hash = "sha256:026ed72c8ed3fcce5bf8950572258698927fd1dbda10a5e981cdf0ac37f4f002"},
]

[[package]]
name = "parso"
version = "0.8.4"
description = "A Python Parser"
optional = false
python-versions = ">=3.6"
files = [
    {file = "parso-0.8.4-py2.py3-none-any.whl", hash = "sha256:a418670a20291dacd2dddc80c377c5c3791378ee1e8d12bffc35420643d43f18"},
    {file = "parso-0.8.4.tar.gz", hash = "sha256:eb3a7b58240fb99099a345571deecc0f9540ea5f4dd2fe14c2a99d6b281ab92d"},
]

[package.extras]
qa = ["flake8 (==5.0.4)", "mypy (==0.971)", "types-setuptools (==67.2.0.1)"]
testing = ["docopt", "pytest"]

[[package]]
name = "pexpect"
version = "4.9.0"
description = "Pexpect allows easy control of interactive console applications."
optional = false
python-versions = "*"
files = [
    {file = "pexpect-4.9.0-py2.py3-none-any.whl", hash = "sha256:7236d1e080e4936be2dc3e326cec0af72acf9212a7e1d060210e70a47e253523"},
    {file = "pexpect-4.9.0.tar.gz", hash = "sha256:ee7d41123f3c9911050ea2c2dac107568dc43b2d3b0c7557a33212c398ead30f"},
]

[package.dependencies]
ptyprocess = ">=0.5"

[[package]]
name = "platformdirs"
version = "4.3.6"
description = "A small Python package for determining appropriate platform-specific dirs, e.g. a `user data dir`."
optional = false
python-versions = ">=3.8"
files = [
    {file = "platformdirs-4.3.6-py3-none-any.whl", hash = "sha256:73e575e1408ab8103900836b97580d5307456908a03e92031bab39e4554cc3fb"},
    {file = "platformdirs-4.3.6.tar.gz", hash = "sha256:357fb2acbc885b0419afd3ce3ed34564c13c9b95c89360cd9563f73aa5e2b907"},
]

[package.extras]
docs = ["furo (>=2024.8.6)", "proselint (>=0.14)", "sphinx (>=8.0.2)", "sphinx-autodoc-typehints (>=2.4)"]
test = ["appdirs (==1.4.4)", "covdefaults (>=2.3)", "pytest (>=8.3.2)", "pytest-cov (>=5)", "pytest-mock (>=3.14)"]
type = ["mypy (>=1.11.2)"]

[[package]]
name = "prompt-toolkit"
version = "3.0.48"
description = "Library for building powerful interactive command lines in Python"
optional = false
python-versions = ">=3.7.0"
files = [
    {file = "prompt_toolkit-3.0.48-py3-none-any.whl", hash = "sha256:f49a827f90062e411f1ce1f854f2aedb3c23353244f8108b89283587397ac10e"},
    {file = "prompt_toolkit-3.0.48.tar.gz", hash = "sha256:d6623ab0477a80df74e646bdbc93621143f5caf104206aa29294d53de1a03d90"},
]

[package.dependencies]
wcwidth = "*"

[[package]]
name = "psycopg2-binary"
version = "2.9.10"
description = "psycopg2 - Python-PostgreSQL Database Adapter"
optional = false
python-versions = ">=3.8"
files = [
    {file = "psycopg2-binary-2.9.10.tar.gz", hash = "sha256:4b3df0e6990aa98acda57d983942eff13d824135fe2250e6522edaa782a06de2"},
    {file = "psycopg2_binary-2.9.10-cp310-cp310-macosx_12_0_x86_64.whl", hash = "sha256:0ea8e3d0ae83564f2fc554955d327fa081d065c8ca5cc6d2abb643e2c9c1200f"},
    {file = "psycopg2_binary-2.9.10-cp310-cp310-macosx_14_0_arm64.whl", hash = "sha256:3e9c76f0ac6f92ecfc79516a8034a544926430f7b080ec5a0537bca389ee0906"},
    {file = "psycopg2_binary-2.9.10-cp310-cp310-manylinux_2_17_aarch64.manylinux2014_aarch64.whl", hash = "sha256:2ad26b467a405c798aaa1458ba09d7e2b6e5f96b1ce0ac15d82fd9f95dc38a92"},
    {file = "psycopg2_binary-2.9.10-cp310-cp310-manylinux_2_17_i686.manylinux2014_i686.whl", hash = "sha256:270934a475a0e4b6925b5f804e3809dd5f90f8613621d062848dd82f9cd62007"},
    {file = "psycopg2_binary-2.9.10-cp310-cp310-manylinux_2_17_ppc64le.manylinux2014_ppc64le.whl", hash = "sha256:48b338f08d93e7be4ab2b5f1dbe69dc5e9ef07170fe1f86514422076d9c010d0"},
    {file = "psycopg2_binary-2.9.10-cp310-cp310-manylinux_2_17_x86_64.manylinux2014_x86_64.whl", hash = "sha256:7f4152f8f76d2023aac16285576a9ecd2b11a9895373a1f10fd9db54b3ff06b4"},
    {file = "psycopg2_binary-2.9.10-cp310-cp310-musllinux_1_2_aarch64.whl", hash = "sha256:32581b3020c72d7a421009ee1c6bf4a131ef5f0a968fab2e2de0c9d2bb4577f1"},
    {file = "psycopg2_binary-2.9.10-cp310-cp310-musllinux_1_2_i686.whl", hash = "sha256:2ce3e21dc3437b1d960521eca599d57408a695a0d3c26797ea0f72e834c7ffe5"},
    {file = "psycopg2_binary-2.9.10-cp310-cp310-musllinux_1_2_ppc64le.whl", hash = "sha256:e984839e75e0b60cfe75e351db53d6db750b00de45644c5d1f7ee5d1f34a1ce5"},
    {file = "psycopg2_binary-2.9.10-cp310-cp310-musllinux_1_2_x86_64.whl", hash = "sha256:3c4745a90b78e51d9ba06e2088a2fe0c693ae19cc8cb051ccda44e8df8a6eb53"},
    {file = "psycopg2_binary-2.9.10-cp310-cp310-win32.whl", hash = "sha256:e5720a5d25e3b99cd0dc5c8a440570469ff82659bb09431c1439b92caf184d3b"},
    {file = "psycopg2_binary-2.9.10-cp310-cp310-win_amd64.whl", hash = "sha256:3c18f74eb4386bf35e92ab2354a12c17e5eb4d9798e4c0ad3a00783eae7cd9f1"},
    {file = "psycopg2_binary-2.9.10-cp311-cp311-macosx_12_0_x86_64.whl", hash = "sha256:04392983d0bb89a8717772a193cfaac58871321e3ec69514e1c4e0d4957b5aff"},
    {file = "psycopg2_binary-2.9.10-cp311-cp311-macosx_14_0_arm64.whl", hash = "sha256:1a6784f0ce3fec4edc64e985865c17778514325074adf5ad8f80636cd029ef7c"},
    {file = "psycopg2_binary-2.9.10-cp311-cp311-manylinux_2_17_aarch64.manylinux2014_aarch64.whl", hash = "sha256:b5f86c56eeb91dc3135b3fd8a95dc7ae14c538a2f3ad77a19645cf55bab1799c"},
    {file = "psycopg2_binary-2.9.10-cp311-cp311-manylinux_2_17_i686.manylinux2014_i686.whl", hash = "sha256:2b3d2491d4d78b6b14f76881905c7a8a8abcf974aad4a8a0b065273a0ed7a2cb"},
    {file = "psycopg2_binary-2.9.10-cp311-cp311-manylinux_2_17_ppc64le.manylinux2014_ppc64le.whl", hash = "sha256:2286791ececda3a723d1910441c793be44625d86d1a4e79942751197f4d30341"},
    {file = "psycopg2_binary-2.9.10-cp311-cp311-manylinux_2_17_x86_64.manylinux2014_x86_64.whl", hash = "sha256:512d29bb12608891e349af6a0cccedce51677725a921c07dba6342beaf576f9a"},
    {file = "psycopg2_binary-2.9.10-cp311-cp311-musllinux_1_2_aarch64.whl", hash = "sha256:5a507320c58903967ef7384355a4da7ff3f28132d679aeb23572753cbf2ec10b"},
    {file = "psycopg2_binary-2.9.10-cp311-cp311-musllinux_1_2_i686.whl", hash = "sha256:6d4fa1079cab9018f4d0bd2db307beaa612b0d13ba73b5c6304b9fe2fb441ff7"},
    {file = "psycopg2_binary-2.9.10-cp311-cp311-musllinux_1_2_ppc64le.whl", hash = "sha256:851485a42dbb0bdc1edcdabdb8557c09c9655dfa2ca0460ff210522e073e319e"},
    {file = "psycopg2_binary-2.9.10-cp311-cp311-musllinux_1_2_x86_64.whl", hash = "sha256:35958ec9e46432d9076286dda67942ed6d968b9c3a6a2fd62b48939d1d78bf68"},
    {file = "psycopg2_binary-2.9.10-cp311-cp311-win32.whl", hash = "sha256:ecced182e935529727401b24d76634a357c71c9275b356efafd8a2a91ec07392"},
    {file = "psycopg2_binary-2.9.10-cp311-cp311-win_amd64.whl", hash = "sha256:ee0e8c683a7ff25d23b55b11161c2663d4b099770f6085ff0a20d4505778d6b4"},
    {file = "psycopg2_binary-2.9.10-cp312-cp312-macosx_12_0_x86_64.whl", hash = "sha256:880845dfe1f85d9d5f7c412efea7a08946a46894537e4e5d091732eb1d34d9a0"},
    {file = "psycopg2_binary-2.9.10-cp312-cp312-macosx_14_0_arm64.whl", hash = "sha256:9440fa522a79356aaa482aa4ba500b65f28e5d0e63b801abf6aa152a29bd842a"},
    {file = "psycopg2_binary-2.9.10-cp312-cp312-manylinux_2_17_aarch64.manylinux2014_aarch64.whl", hash = "sha256:e3923c1d9870c49a2d44f795df0c889a22380d36ef92440ff618ec315757e539"},
    {file = "psycopg2_binary-2.9.10-cp312-cp312-manylinux_2_17_i686.manylinux2014_i686.whl", hash = "sha256:7b2c956c028ea5de47ff3a8d6b3cc3330ab45cf0b7c3da35a2d6ff8420896526"},
    {file = "psycopg2_binary-2.9.10-cp312-cp312-manylinux_2_17_ppc64le.manylinux2014_ppc64le.whl", hash = "sha256:f758ed67cab30b9a8d2833609513ce4d3bd027641673d4ebc9c067e4d208eec1"},
    {file = "psycopg2_binary-2.9.10-cp312-cp312-manylinux_2_17_x86_64.manylinux2014_x86_64.whl", hash = "sha256:8cd9b4f2cfab88ed4a9106192de509464b75a906462fb846b936eabe45c2063e"},
    {file = "psycopg2_binary-2.9.10-cp312-cp312-musllinux_1_2_aarch64.whl", hash = "sha256:6dc08420625b5a20b53551c50deae6e231e6371194fa0651dbe0fb206452ae1f"},
    {file = "psycopg2_binary-2.9.10-cp312-cp312-musllinux_1_2_i686.whl", hash = "sha256:d7cd730dfa7c36dbe8724426bf5612798734bff2d3c3857f36f2733f5bfc7c00"},
    {file = "psycopg2_binary-2.9.10-cp312-cp312-musllinux_1_2_ppc64le.whl", hash = "sha256:155e69561d54d02b3c3209545fb08938e27889ff5a10c19de8d23eb5a41be8a5"},
    {file = "psycopg2_binary-2.9.10-cp312-cp312-musllinux_1_2_x86_64.whl", hash = "sha256:c3cc28a6fd5a4a26224007712e79b81dbaee2ffb90ff406256158ec4d7b52b47"},
    {file = "psycopg2_binary-2.9.10-cp312-cp312-win32.whl", hash = "sha256:ec8a77f521a17506a24a5f626cb2aee7850f9b69a0afe704586f63a464f3cd64"},
    {file = "psycopg2_binary-2.9.10-cp312-cp312-win_amd64.whl", hash = "sha256:18c5ee682b9c6dd3696dad6e54cc7ff3a1a9020df6a5c0f861ef8bfd338c3ca0"},
    {file = "psycopg2_binary-2.9.10-cp313-cp313-macosx_12_0_x86_64.whl", hash = "sha256:26540d4a9a4e2b096f1ff9cce51253d0504dca5a85872c7f7be23be5a53eb18d"},
    {file = "psycopg2_binary-2.9.10-cp313-cp313-macosx_14_0_arm64.whl", hash = "sha256:e217ce4d37667df0bc1c397fdcd8de5e81018ef305aed9415c3b093faaeb10fb"},
    {file = "psycopg2_binary-2.9.10-cp313-cp313-manylinux_2_17_aarch64.manylinux2014_aarch64.whl", hash = "sha256:245159e7ab20a71d989da00f280ca57da7641fa2cdcf71749c193cea540a74f7"},
    {file = "psycopg2_binary-2.9.10-cp313-cp313-manylinux_2_17_i686.manylinux2014_i686.whl", hash = "sha256:3c4ded1a24b20021ebe677b7b08ad10bf09aac197d6943bfe6fec70ac4e4690d"},
    {file = "psycopg2_binary-2.9.10-cp313-cp313-manylinux_2_17_ppc64le.manylinux2014_ppc64le.whl", hash = "sha256:3abb691ff9e57d4a93355f60d4f4c1dd2d68326c968e7db17ea96df3c023ef73"},
    {file = "psycopg2_binary-2.9.10-cp313-cp313-manylinux_2_17_x86_64.manylinux2014_x86_64.whl", hash = "sha256:8608c078134f0b3cbd9f89b34bd60a943b23fd33cc5f065e8d5f840061bd0673"},
    {file = "psycopg2_binary-2.9.10-cp313-cp313-musllinux_1_2_aarch64.whl", hash = "sha256:230eeae2d71594103cd5b93fd29d1ace6420d0b86f4778739cb1a5a32f607d1f"},
    {file = "psycopg2_binary-2.9.10-cp313-cp313-musllinux_1_2_i686.whl", hash = "sha256:bb89f0a835bcfc1d42ccd5f41f04870c1b936d8507c6df12b7737febc40f0909"},
    {file = "psycopg2_binary-2.9.10-cp313-cp313-musllinux_1_2_ppc64le.whl", hash = "sha256:f0c2d907a1e102526dd2986df638343388b94c33860ff3bbe1384130828714b1"},
    {file = "psycopg2_binary-2.9.10-cp313-cp313-musllinux_1_2_x86_64.whl", hash = "sha256:f8157bed2f51db683f31306aa497311b560f2265998122abe1dce6428bd86567"},
    {file = "psycopg2_binary-2.9.10-cp38-cp38-macosx_12_0_x86_64.whl", hash = "sha256:eb09aa7f9cecb45027683bb55aebaaf45a0df8bf6de68801a6afdc7947bb09d4"},
    {file = "psycopg2_binary-2.9.10-cp38-cp38-manylinux_2_17_aarch64.manylinux2014_aarch64.whl", hash = "sha256:b73d6d7f0ccdad7bc43e6d34273f70d587ef62f824d7261c4ae9b8b1b6af90e8"},
    {file = "psycopg2_binary-2.9.10-cp38-cp38-manylinux_2_17_i686.manylinux2014_i686.whl", hash = "sha256:ce5ab4bf46a211a8e924d307c1b1fcda82368586a19d0a24f8ae166f5c784864"},
    {file = "psycopg2_binary-2.9.10-cp38-cp38-manylinux_2_17_ppc64le.manylinux2014_ppc64le.whl", hash = "sha256:056470c3dc57904bbf63d6f534988bafc4e970ffd50f6271fc4ee7daad9498a5"},
    {file = "psycopg2_binary-2.9.10-cp38-cp38-manylinux_2_17_x86_64.manylinux2014_x86_64.whl", hash = "sha256:73aa0e31fa4bb82578f3a6c74a73c273367727de397a7a0f07bd83cbea696baa"},
    {file = "psycopg2_binary-2.9.10-cp38-cp38-musllinux_1_2_aarch64.whl", hash = "sha256:8de718c0e1c4b982a54b41779667242bc630b2197948405b7bd8ce16bcecac92"},
    {file = "psycopg2_binary-2.9.10-cp38-cp38-musllinux_1_2_i686.whl", hash = "sha256:5c370b1e4975df846b0277b4deba86419ca77dbc25047f535b0bb03d1a544d44"},
    {file = "psycopg2_binary-2.9.10-cp38-cp38-musllinux_1_2_ppc64le.whl", hash = "sha256:ffe8ed017e4ed70f68b7b371d84b7d4a790368db9203dfc2d222febd3a9c8863"},
    {file = "psycopg2_binary-2.9.10-cp38-cp38-musllinux_1_2_x86_64.whl", hash = "sha256:8aecc5e80c63f7459a1a2ab2c64df952051df196294d9f739933a9f6687e86b3"},
    {file = "psycopg2_binary-2.9.10-cp39-cp39-macosx_12_0_x86_64.whl", hash = "sha256:7a813c8bdbaaaab1f078014b9b0b13f5de757e2b5d9be6403639b298a04d218b"},
    {file = "psycopg2_binary-2.9.10-cp39-cp39-manylinux_2_17_aarch64.manylinux2014_aarch64.whl", hash = "sha256:d00924255d7fc916ef66e4bf22f354a940c67179ad3fd7067d7a0a9c84d2fbfc"},
    {file = "psycopg2_binary-2.9.10-cp39-cp39-manylinux_2_17_i686.manylinux2014_i686.whl", hash = "sha256:7559bce4b505762d737172556a4e6ea8a9998ecac1e39b5233465093e8cee697"},
    {file = "psycopg2_binary-2.9.10-cp39-cp39-manylinux_2_17_ppc64le.manylinux2014_ppc64le.whl", hash = "sha256:e8b58f0a96e7a1e341fc894f62c1177a7c83febebb5ff9123b579418fdc8a481"},
    {file = "psycopg2_binary-2.9.10-cp39-cp39-manylinux_2_17_x86_64.manylinux2014_x86_64.whl", hash = "sha256:6b269105e59ac96aba877c1707c600ae55711d9dcd3fc4b5012e4af68e30c648"},
    {file = "psycopg2_binary-2.9.10-cp39-cp39-musllinux_1_2_aarch64.whl", hash = "sha256:79625966e176dc97ddabc142351e0409e28acf4660b88d1cf6adb876d20c490d"},
    {file = "psycopg2_binary-2.9.10-cp39-cp39-musllinux_1_2_i686.whl", hash = "sha256:8aabf1c1a04584c168984ac678a668094d831f152859d06e055288fa515e4d30"},
    {file = "psycopg2_binary-2.9.10-cp39-cp39-musllinux_1_2_ppc64le.whl", hash = "sha256:19721ac03892001ee8fdd11507e6a2e01f4e37014def96379411ca99d78aeb2c"},
    {file = "psycopg2_binary-2.9.10-cp39-cp39-musllinux_1_2_x86_64.whl", hash = "sha256:7f5d859928e635fa3ce3477704acee0f667b3a3d3e4bb109f2b18d4005f38287"},
    {file = "psycopg2_binary-2.9.10-cp39-cp39-win32.whl", hash = "sha256:3216ccf953b3f267691c90c6fe742e45d890d8272326b4a8b20850a03d05b7b8"},
    {file = "psycopg2_binary-2.9.10-cp39-cp39-win_amd64.whl", hash = "sha256:30e34c4e97964805f715206c7b789d54a78b70f3ff19fbe590104b71c45600e5"},
]

[[package]]
name = "ptyprocess"
version = "0.7.0"
description = "Run a subprocess in a pseudo terminal"
optional = false
python-versions = "*"
files = [
    {file = "ptyprocess-0.7.0-py2.py3-none-any.whl", hash = "sha256:4b41f3967fce3af57cc7e94b888626c18bf37a083e3651ca8feeb66d492fef35"},
    {file = "ptyprocess-0.7.0.tar.gz", hash = "sha256:5c5d0a3b48ceee0b48485e0c26037c0acd7d29765ca3fbb5cb3831d347423220"},
]

[[package]]
name = "pure-eval"
version = "0.2.3"
description = "Safely evaluate AST nodes without side effects"
optional = false
python-versions = "*"
files = [
    {file = "pure_eval-0.2.3-py3-none-any.whl", hash = "sha256:1db8e35b67b3d218d818ae653e27f06c3aa420901fa7b081ca98cbedc874e0d0"},
    {file = "pure_eval-0.2.3.tar.gz", hash = "sha256:5f4e983f40564c576c7c8635ae88db5956bb2229d7e9237d03b3c0b0190eaf42"},
]

[package.extras]
tests = ["pytest"]

[[package]]
name = "pygments"
version = "2.18.0"
description = "Pygments is a syntax highlighting package written in Python."
optional = false
python-versions = ">=3.8"
files = [
    {file = "pygments-2.18.0-py3-none-any.whl", hash = "sha256:b8e6aca0523f3ab76fee51799c488e38782ac06eafcf95e7ba832985c8e7b13a"},
    {file = "pygments-2.18.0.tar.gz", hash = "sha256:786ff802f32e91311bff3889f6e9a86e81505fe99f2735bb6d60ae0c5004f199"},
]

[package.extras]
windows-terminal = ["colorama (>=0.4.6)"]

[[package]]
name = "pylint"
version = "3.3.1"
description = "python code static checker"
optional = false
python-versions = ">=3.9.0"
files = [
    {file = "pylint-3.3.1-py3-none-any.whl", hash = "sha256:2f846a466dd023513240bc140ad2dd73bfc080a5d85a710afdb728c420a5a2b9"},
    {file = "pylint-3.3.1.tar.gz", hash = "sha256:9f3dcc87b1203e612b78d91a896407787e708b3f189b5fa0b307712d49ff0c6e"},
]

[package.dependencies]
astroid = ">=3.3.4,<=3.4.0-dev0"
colorama = {version = ">=0.4.5", markers = "sys_platform == \"win32\""}
dill = [
    {version = ">=0.3.7", markers = "python_version >= \"3.12\""},
    {version = ">=0.3.6", markers = "python_version >= \"3.11\" and python_version < \"3.12\""},
]
isort = ">=4.2.5,<5.13.0 || >5.13.0,<6"
mccabe = ">=0.6,<0.8"
platformdirs = ">=2.2.0"
tomlkit = ">=0.10.1"

[package.extras]
spelling = ["pyenchant (>=3.2,<4.0)"]
testutils = ["gitpython (>3)"]

[[package]]
name = "python-dateutil"
version = "2.9.0.post0"
description = "Extensions to the standard Python datetime module"
optional = false
python-versions = "!=3.0.*,!=3.1.*,!=3.2.*,>=2.7"
files = [
    {file = "python-dateutil-2.9.0.post0.tar.gz", hash = "sha256:37dd54208da7e1cd875388217d5e00ebd4179249f90fb72437e91a35459a0ad3"},
    {file = "python_dateutil-2.9.0.post0-py2.py3-none-any.whl", hash = "sha256:a8b2bc7bffae282281c8140a97d3aa9c14da0b136dfe83f850eea9a5f7470427"},
]

[package.dependencies]
six = ">=1.5"

[[package]]
name = "python-dotenv"
version = "1.0.1"
description = "Read key-value pairs from a .env file and set them as environment variables"
optional = false
python-versions = ">=3.8"
files = [
    {file = "python-dotenv-1.0.1.tar.gz", hash = "sha256:e324ee90a023d808f1959c46bcbc04446a10ced277783dc6ee09987c37ec10ca"},
    {file = "python_dotenv-1.0.1-py3-none-any.whl", hash = "sha256:f7b63ef50f1b690dddf550d03497b66d609393b40b564ed0d674909a68ebf16a"},
]

[package.extras]
cli = ["click (>=5.0)"]

[[package]]
name = "six"
version = "1.16.0"
description = "Python 2 and 3 compatibility utilities"
optional = false
python-versions = ">=2.7, !=3.0.*, !=3.1.*, !=3.2.*"
files = [
    {file = "six-1.16.0-py2.py3-none-any.whl", hash = "sha256:8abb2f1d86890a2dfb989f9a77cfcfd3e47c2a354b01111771326f8aa26e0254"},
    {file = "six-1.16.0.tar.gz", hash = "sha256:1e61c37477a1626458e36f7b1d82aa5c9b094fa4802892072e49de9c60c4c926"},
]

[[package]]
name = "sqlparse"
version = "0.5.1"
description = "A non-validating SQL parser."
optional = false
python-versions = ">=3.8"
files = [
    {file = "sqlparse-0.5.1-py3-none-any.whl", hash = "sha256:773dcbf9a5ab44a090f3441e2180efe2560220203dc2f8c0b0fa141e18b505e4"},
    {file = "sqlparse-0.5.1.tar.gz", hash = "sha256:bb6b4df465655ef332548e24f08e205afc81b9ab86cb1c45657a7ff173a3a00e"},
]

[package.extras]
dev = ["build", "hatch"]
doc = ["sphinx"]

[[package]]
name = "stack-data"
version = "0.6.3"
description = "Extract data from python stack frames and tracebacks for informative displays"
optional = false
python-versions = "*"
files = [
    {file = "stack_data-0.6.3-py3-none-any.whl", hash = "sha256:d5558e0c25a4cb0853cddad3d77da9891a08cb85dd9f9f91b9f8cd66e511e695"},
    {file = "stack_data-0.6.3.tar.gz", hash = "sha256:836a778de4fec4dcd1dcd89ed8abff8a221f58308462e1c4aa2a3cf30148f0b9"},
]

[package.dependencies]
asttokens = ">=2.1.0"
executing = ">=1.2.0"
pure-eval = "*"

[package.extras]
tests = ["cython", "littleutils", "pygments", "pytest", "typeguard"]

[[package]]
name = "tomlkit"
version = "0.13.2"
description = "Style preserving TOML library"
optional = false
python-versions = ">=3.8"
files = [
    {file = "tomlkit-0.13.2-py3-none-any.whl", hash = "sha256:7a974427f6e119197f670fbbbeae7bef749a6c14e793db934baefc1b5f03efde"},
    {file = "tomlkit-0.13.2.tar.gz", hash = "sha256:fff5fe59a87295b278abd31bec92c15d9bc4a06885ab12bcea52c71119392e79"},
]

[[package]]
name = "traitlets"
version = "5.14.3"
description = "Traitlets Python configuration system"
optional = false
python-versions = ">=3.8"
files = [
    {file = "traitlets-5.14.3-py3-none-any.whl", hash = "sha256:b74e89e397b1ed28cc831db7aea759ba6640cb3de13090ca145426688ff1ac4f"},
    {file = "traitlets-5.14.3.tar.gz", hash = "sha256:9ed0579d3502c94b4b3732ac120375cda96f923114522847de4b3bb98b96b6b7"},
]

[package.extras]
docs = ["myst-parser", "pydata-sphinx-theme", "sphinx"]
test = ["argcomplete (>=3.0.3)", "mypy (>=1.7.0)", "pre-commit", "pytest (>=7.0,<8.2)", "pytest-mock", "pytest-mypy-testing"]

[[package]]
name = "typing-extensions"
version = "4.12.2"
description = "Backported and Experimental Type Hints for Python 3.8+"
optional = false
python-versions = ">=3.8"
files = [
    {file = "typing_extensions-4.12.2-py3-none-any.whl", hash = "sha256:04e5ca0351e0f3f85c6853954072df659d0d13fac324d0072316b67d7794700d"},
    {file = "typing_extensions-4.12.2.tar.gz", hash = "sha256:1a7ead55c7e559dd4dee8856e3a88b41225abfe1ce8df57b7c13915fe121ffb8"},
]

[[package]]
name = "tzdata"
version = "2024.2"
description = "Provider of IANA time zone data"
optional = false
python-versions = ">=2"
files = [
    {file = "tzdata-2024.2-py2.py3-none-any.whl", hash = "sha256:a48093786cdcde33cad18c2555e8532f34422074448fbc874186f0abd79565cd"},
    {file = "tzdata-2024.2.tar.gz", hash = "sha256:7d85cc416e9382e69095b7bdf4afd9e3880418a2413feec7069d533d6b4e31cc"},
]

[[package]]
name = "wcwidth"
version = "0.2.13"
description = "Measures the displayed width of unicode strings in a terminal"
optional = false
python-versions = "*"
files = [
    {file = "wcwidth-0.2.13-py2.py3-none-any.whl", hash = "sha256:3da69048e4540d84af32131829ff948f1e022c1c6bdb8d6102117aac784f6859"},
    {file = "wcwidth-0.2.13.tar.gz", hash = "sha256:72ea0c06399eb286d978fdedb6923a9eb47e1c486ce63e9b4e64fc18303972b5"},
]

[[package]]
name = "whitenoise"
version = "6.7.0"
description = "Radically simplified static file serving for WSGI applications"
optional = false
python-versions = ">=3.8"
files = [
    {file = "whitenoise-6.7.0-py3-none-any.whl", hash = "sha256:a1ae85e01fdc9815d12fa33f17765bc132ed2c54fa76daf9e39e879dd93566f6"},
    {file = "whitenoise-6.7.0.tar.gz", hash = "sha256:58c7a6cd811e275a6c91af22e96e87da0b1109e9a53bb7464116ef4c963bf636"},
]

[package.extras]
brotli = ["brotli"]

[metadata]
lock-version = "2.0"
python-versions = "^3.11"
content-hash = "24f5c0e81670826e6939cc294a4a95613381fd1324c1a46992bfe1fac7fd3a3a"
